<Solution>
  <Project Path="ejercicico 1/ejercicico 1.csproj" />
  <Project Path="ejercicio 10/ejercicio 10.csproj" Id="8939cc03-02ac-48a8-95d5-d447d8c58de9" />
  <Project Path="ejercicio 11/ejercicio 11.csproj" Id="b7e24516-15e1-4897-b553-52607de4160b" />
  <Project Path="ejercicio 12/ejercicio 12.csproj" Id="c2c1c326-9687-4a7a-9e84-7dea9a225195" />
  <Project Path="ejercicio 13/ejercicio 13.csproj" Id="1fe59034-6747-4ef4-9a15-a415437387f5" />
  <Project Path="ejercicio 14/ejercicio 14.csproj" Id="2628ebff-9d14-4d95-869c-49ddc33eb9e1" />
  <Project Path="ejercicio 15/ejercicio 15.csproj" Id="ce57f46f-6196-476b-b2cd-4675225f6556" />
  <Project Path="ejercicio 16/ejercicio 16.csproj" Id="c14c1237-512d-4631-8f91-1bd5836b67c1" />
  <Project Path="ejercicio 17/ejercicio 17.csproj" Id="9d57e021-a342-4d42-adbc-415558770d3b" />
  <Project Path="ejercicio 3/ejercicio 3.csproj" Id="9cf0d3a3-5064-4d8a-b75d-eae0089dd55f" />
  <Project Path="ejercicio 4/ejercicio 4.csproj" Id="11bd6575-e1d2-4046-a884-c05ceac125cc" />
  <Project Path="ejercicio 5/ejercicio 5.csproj" Id="a27c2cd9-ecee-4e28-8ffe-d1811c67eb61" />
  <Project Path="ejercicio 6/ejercicio 6.csproj" Id="b11974aa-83a9-4db3-a61a-16a27185a3d5" />
  <Project Path="ejercicio 7/ejercicio 7.csproj" Id="a6444ece-07e7-4bf0-8661-d2140d4eb044" />
  <Project Path="ejercicio 8/ejercicio 8.csproj" Id="71545b3a-3003-48fe-8497-b6b54d3f07df" />
  <Project Path="ejercicio 9/ejercicio 9.csproj" Id="4a275a09-918c-486d-96cc-5b5286d2449b" />
  <Project Path="ejercicio2/ejercicio2.csproj" Id="1dd93093-a7de-4683-b504-40ea6113c5f8" />
</Solution>
