<Solution>
  <Project Path="ejercicico 1/ejercicico 1.csproj" />
  <Project Path="ejercicio 3/ejercicio 3.csproj" Id="9cf0d3a3-5064-4d8a-b75d-eae0089dd55f" />
  <Project Path="ejercicio 4/ejercicio 4.csproj" Id="11bd6575-e1d2-4046-a884-c05ceac125cc" />
  <Project Path="ejercicio2/ejercicio2.csproj" Id="1dd93093-a7de-4683-b504-40ea6113c5f8" />
</Solution>
